
Microsoft Visual Studio Solution File, Format Version 12.00
# Visual Studio Version 17
VisualStudioVersion = 17.8.34330.188
MinimumVisualStudioVersion = 10.0.40219.1
Project("{9A19103F-16F7-4668-BE54-9A1E7A4F7556}") = "WatchMe", "WatchMe.csproj", "{1A89E79F-D4D8-4762-B326-E6CA96BAD968}"
EndProject
Project("{9A19103F-16F7-4668-BE54-9A1E7A4F7556}") = "WatchMe.UnitTests", "..\WatchMe.UnitTests\WatchMe.UnitTests.csproj", "{B6AED31B-5DE9-4183-85C2-2505C830226D}"
EndProject
Project("{9A19103F-16F7-4668-BE54-9A1E7A4F7556}") = "WatchMe.UITests.Android", "..\WatchMe.UITests.Android\WatchMe.UITests.Android.csproj", "{A95EE64D-5395-41D8-9D1A-B78ED73F8EFC}"
EndProject
Project("{9A19103F-16F7-4668-BE54-9A1E7A4F7556}") = "WatchMe.UITests.Shared", "..\WatchMe.UiTests.Shared\WatchMe.UITests.Shared.csproj", "{498A4D1E-F1D3-43CB-ABCA-BD6EA16DEDB2}"
EndProject
Project("{9A19103F-16F7-4668-BE54-9A1E7A4F7556}") = "Camera.MAUI", "..\..\Botna.Camera.MAUI\Camera.MAUI\Camera.MAUI.csproj", "{99F035F1-9F2A-49B5-B415-459FABFD53AA}"
EndProject
Global
	GlobalSection(SolutionConfigurationPlatforms) = preSolution
		Debug|Any CPU = Debug|Any CPU
		Release|Any CPU = Release|Any CPU
	EndGlobalSection
	GlobalSection(ProjectConfigurationPlatforms) = postSolution
		{1A89E79F-D4D8-4762-B326-E6CA96BAD968}.Debug|Any CPU.ActiveCfg = Debug|Any CPU
		{1A89E79F-D4D8-4762-B326-E6CA96BAD968}.Debug|Any CPU.Build.0 = Debug|Any CPU
		{1A89E79F-D4D8-4762-B326-E6CA96BAD968}.Debug|Any CPU.Deploy.0 = Debug|Any CPU
		{1A89E79F-D4D8-4762-B326-E6CA96BAD968}.Release|Any CPU.ActiveCfg = Release|Any CPU
		{1A89E79F-D4D8-4762-B326-E6CA96BAD968}.Release|Any CPU.Build.0 = Release|Any CPU
		{1A89E79F-D4D8-4762-B326-E6CA96BAD968}.Release|Any CPU.Deploy.0 = Release|Any CPU
		{B6AED31B-5DE9-4183-85C2-2505C830226D}.Debug|Any CPU.ActiveCfg = Debug|Any CPU
		{B6AED31B-5DE9-4183-85C2-2505C830226D}.Debug|Any CPU.Build.0 = Debug|Any CPU
		{B6AED31B-5DE9-4183-85C2-2505C830226D}.Release|Any CPU.ActiveCfg = Release|Any CPU
		{B6AED31B-5DE9-4183-85C2-2505C830226D}.Release|Any CPU.Build.0 = Release|Any CPU
		{A95EE64D-5395-41D8-9D1A-B78ED73F8EFC}.Debug|Any CPU.ActiveCfg = Debug|Any CPU
		{A95EE64D-5395-41D8-9D1A-B78ED73F8EFC}.Debug|Any CPU.Build.0 = Debug|Any CPU
		{A95EE64D-5395-41D8-9D1A-B78ED73F8EFC}.Release|Any CPU.ActiveCfg = Release|Any CPU
		{A95EE64D-5395-41D8-9D1A-B78ED73F8EFC}.Release|Any CPU.Build.0 = Release|Any CPU
		{498A4D1E-F1D3-43CB-ABCA-BD6EA16DEDB2}.Debug|Any CPU.ActiveCfg = Debug|Any CPU
		{498A4D1E-F1D3-43CB-ABCA-BD6EA16DEDB2}.Debug|Any CPU.Build.0 = Debug|Any CPU
		{498A4D1E-F1D3-43CB-ABCA-BD6EA16DEDB2}.Release|Any CPU.ActiveCfg = Release|Any CPU
		{498A4D1E-F1D3-43CB-ABCA-BD6EA16DEDB2}.Release|Any CPU.Build.0 = Release|Any CPU
		{99F035F1-9F2A-49B5-B415-459FABFD53AA}.Debug|Any CPU.ActiveCfg = Debug|Any CPU
		{99F035F1-9F2A-49B5-B415-459FABFD53AA}.Debug|Any CPU.Build.0 = Debug|Any CPU
		{99F035F1-9F2A-49B5-B415-459FABFD53AA}.Release|Any CPU.ActiveCfg = Release|Any CPU
		{99F035F1-9F2A-49B5-B415-459FABFD53AA}.Release|Any CPU.Build.0 = Release|Any CPU
	EndGlobalSection
	GlobalSection(SolutionProperties) = preSolution
		HideSolutionNode = FALSE
	EndGlobalSection
	GlobalSection(ExtensibilityGlobals) = postSolution
		SolutionGuid = {E23B7275-4562-472D-9CEB-035B25BCFE86}
	EndGlobalSection
EndGlobal
