
Microsoft Visual Studio Solution File, Format Version 12.00
# Visual Studio Version 17
VisualStudioVersion = 17.14.36623.8 d17.14
MinimumVisualStudioVersion = 10.0.40219.1
Project("{FAE04EC0-301F-11D3-BF4B-00C04F79EFBC}") = "WatchMe", "WatchMe.csproj", "{FB92274E-6D78-41A8-8515-F9999D5E4BF1}"
EndProject
Project("{FAE04EC0-301F-11D3-BF4B-00C04F79EFBC}") = "WatchMe.Camera", "..\WatchMe.Camera\WatchMe.Camera.csproj", "{34B6B976-E507-DB07-0B48-494C46E1A364}"
EndProject
Project("{FAE04EC0-301F-11D3-BF4B-00C04F79EFBC}") = "WatchMe.UnitTests", "..\WatchMe.UnitTests\WatchMe.UnitTests.csproj", "{CBB9C079-C6E7-48D0-A601-B2A3B23A5895}"
EndProject
Project("{FAE04EC0-301F-11D3-BF4B-00C04F79EFBC}") = "WatchMe.UITests.Shared", "..\WatchMe.UITests.Shared\WatchMe.UITests.Shared.csproj", "{629B55B9-632E-492B-BCC2-E69D5BF6F538}"
EndProject
Project("{FAE04EC0-301F-11D3-BF4B-00C04F79EFBC}") = "WatchMe.UITests.Android", "..\WatchMe.UITests.Android\WatchMe.UITests.Android.csproj", "{2D1E3D01-64AC-4B7A-8865-4634B6E39139}"
EndProject
Global
	GlobalSection(SolutionConfigurationPlatforms) = preSolution
		Debug|Any CPU = Debug|Any CPU
		Release|Any CPU = Release|Any CPU
	EndGlobalSection
	GlobalSection(ProjectConfigurationPlatforms) = postSolution
		{FB92274E-6D78-41A8-8515-F9999D5E4BF1}.Debug|Any CPU.ActiveCfg = Debug|Any CPU
		{FB92274E-6D78-41A8-8515-F9999D5E4BF1}.Debug|Any CPU.Build.0 = Debug|Any CPU
		{FB92274E-6D78-41A8-8515-F9999D5E4BF1}.Debug|Any CPU.Deploy.0 = Debug|Any CPU
		{FB92274E-6D78-41A8-8515-F9999D5E4BF1}.Release|Any CPU.ActiveCfg = Release|Any CPU
		{FB92274E-6D78-41A8-8515-F9999D5E4BF1}.Release|Any CPU.Build.0 = Release|Any CPU
		{FB92274E-6D78-41A8-8515-F9999D5E4BF1}.Release|Any CPU.Deploy.0 = Release|Any CPU
		{34B6B976-E507-DB07-0B48-494C46E1A364}.Debug|Any CPU.ActiveCfg = Debug|Any CPU
		{34B6B976-E507-DB07-0B48-494C46E1A364}.Debug|Any CPU.Build.0 = Debug|Any CPU
		{34B6B976-E507-DB07-0B48-494C46E1A364}.Release|Any CPU.ActiveCfg = Release|Any CPU
		{34B6B976-E507-DB07-0B48-494C46E1A364}.Release|Any CPU.Build.0 = Release|Any CPU
		{CBB9C079-C6E7-48D0-A601-B2A3B23A5895}.Debug|Any CPU.ActiveCfg = Debug|Any CPU
		{CBB9C079-C6E7-48D0-A601-B2A3B23A5895}.Debug|Any CPU.Build.0 = Debug|Any CPU
		{CBB9C079-C6E7-48D0-A601-B2A3B23A5895}.Release|Any CPU.ActiveCfg = Release|Any CPU
		{CBB9C079-C6E7-48D0-A601-B2A3B23A5895}.Release|Any CPU.Build.0 = Release|Any CPU
		{629B55B9-632E-492B-BCC2-E69D5BF6F538}.Debug|Any CPU.ActiveCfg = Debug|Any CPU
		{629B55B9-632E-492B-BCC2-E69D5BF6F538}.Debug|Any CPU.Build.0 = Debug|Any CPU
		{629B55B9-632E-492B-BCC2-E69D5BF6F538}.Release|Any CPU.ActiveCfg = Release|Any CPU
		{629B55B9-632E-492B-BCC2-E69D5BF6F538}.Release|Any CPU.Build.0 = Release|Any CPU
		{2D1E3D01-64AC-4B7A-8865-4634B6E39139}.Debug|Any CPU.ActiveCfg = Debug|Any CPU
		{2D1E3D01-64AC-4B7A-8865-4634B6E39139}.Debug|Any CPU.Build.0 = Debug|Any CPU
		{2D1E3D01-64AC-4B7A-8865-4634B6E39139}.Release|Any CPU.ActiveCfg = Release|Any CPU
		{2D1E3D01-64AC-4B7A-8865-4634B6E39139}.Release|Any CPU.Build.0 = Release|Any CPU
	EndGlobalSection
	GlobalSection(SolutionProperties) = preSolution
		HideSolutionNode = FALSE
	EndGlobalSection
	GlobalSection(ExtensibilityGlobals) = postSolution
		SolutionGuid = {ADB2A91F-96A3-4F37-9077-414C54AA80C8}
	EndGlobalSection
EndGlobal
